
Microsoft Visual Studio Solution File, Format Version 12.00
# Visual Studio Version 17
VisualStudioVersion = 17.1.32319.34
MinimumVisualStudioVersion = 10.0.40219.1
Project("{FAE04EC0-301F-11D3-BF4B-00C04F79EFBC}") = "JwtGymApi-net6", "JwtGymApi-net6\JwtGymApi-net6.csproj", "{6AE35C74-06CF-4568-8332-BC338E0BE206}"
EndProject
Project("{FAE04EC0-301F-11D3-BF4B-00C04F79EFBC}") = "JwtGymApi-net6.Data", "JwtGymApi-net6.Data\JwtGymApi-net6.Data.csproj", "{BFCA6E0F-E137-465B-8E41-DB870CAB28B9}"
EndProject
Global
	GlobalSection(SolutionConfigurationPlatforms) = preSolution
		Debug|Any CPU = Debug|Any CPU
		Release|Any CPU = Release|Any CPU
	EndGlobalSection
	GlobalSection(ProjectConfigurationPlatforms) = postSolution
		{6AE35C74-06CF-4568-8332-BC338E0BE206}.Debug|Any CPU.ActiveCfg = Debug|Any CPU
		{6AE35C74-06CF-4568-8332-BC338E0BE206}.Debug|Any CPU.Build.0 = Debug|Any CPU
		{6AE35C74-06CF-4568-8332-BC338E0BE206}.Release|Any CPU.ActiveCfg = Release|Any CPU
		{6AE35C74-06CF-4568-8332-BC338E0BE206}.Release|Any CPU.Build.0 = Release|Any CPU
		{BFCA6E0F-E137-465B-8E41-DB870CAB28B9}.Debug|Any CPU.ActiveCfg = Debug|Any CPU
		{BFCA6E0F-E137-465B-8E41-DB870CAB28B9}.Debug|Any CPU.Build.0 = Debug|Any CPU
		{BFCA6E0F-E137-465B-8E41-DB870CAB28B9}.Release|Any CPU.ActiveCfg = Release|Any CPU
		{BFCA6E0F-E137-465B-8E41-DB870CAB28B9}.Release|Any CPU.Build.0 = Release|Any CPU
	EndGlobalSection
	GlobalSection(SolutionProperties) = preSolution
		HideSolutionNode = FALSE
	EndGlobalSection
	GlobalSection(ExtensibilityGlobals) = postSolution
		SolutionGuid = {AE0698E9-EEE5-4910-8E3E-30B525085D66}
	EndGlobalSection
EndGlobal
